<?xml version="1.0" encoding="utf-8"?>
<Project ToolsVersion="4.0" xmlns="http://schemas.microsoft.com/developer/msbuild/2003">
  <ItemGroup>
    <Filter Include="Generated Files">
      <UniqueIdentifier>{71ED8ED8-ACB9-4CE9-BBE1-E00B30144E11}</UniqueIdentifier>
      <Extensions>moc;h;cpp</Extensions>
      <SourceControlFiles>False</SourceControlFiles>
    </Filter>
    <Filter Include="Generated Files\Debug">
      <UniqueIdentifier>{89a6347b-a6d1-4dc3-a4b3-bd4fde97a9f4}</UniqueIdentifier>
      <Extensions>cpp;moc</Extensions>
      <SourceControlFiles>False</SourceControlFiles>
    </Filter>
    <Filter Include="Generated Files\Release">
      <UniqueIdentifier>{4149e549-c061-4dfa-99f3-b8cc83384522}</UniqueIdentifier>
      <Extensions>cpp;moc</Extensions>
      <SourceControlFiles>False</SourceControlFiles>
    </Filter>
    <Filter Include="游戏窗口">
      <UniqueIdentifier>{c63827c7-509d-4655-9ed7-369c2f805f54}</UniqueIdentifier>
    </Filter>
    <Filter Include="导演">
      <UniqueIdentifier>{6fdfef10-40a4-4a6b-9ca5-28a98be6b6ff}</UniqueIdentifier>
    </Filter>
    <Filter Include="场景">
      <UniqueIdentifier>{75e7a072-6e8a-4522-8c1f-eae02d026457}</UniqueIdentifier>
    </Filter>
    <Filter Include="场景\开始场景">
      <UniqueIdentifier>{75aa0d47-d9ce-4edd-9399-75c50cb941f7}</UniqueIdentifier>
    </Filter>
    <Filter Include="场景\游戏主场景">
      <UniqueIdentifier>{179f05a4-a0ae-43bc-a4b1-c68b5c7e429d}</UniqueIdentifier>
    </Filter>
    <Filter Include="场景\设置场景">
      <UniqueIdentifier>{987e18ac-e224-41e5-9063-a97da41aaf0e}</UniqueIdentifier>
    </Filter>
    <Filter Include="场景\主题选择场景">
      <UniqueIdentifier>{cf04d797-6bb2-4fe2-b7a5-44b68071b528}</UniqueIdentifier>
    </Filter>
    <Filter Include="设置">
      <UniqueIdentifier>{e0e37b96-cef7-40cb-a532-38c6d1a7c29e}</UniqueIdentifier>
    </Filter>
    <Filter Include="Resource Files">
      <UniqueIdentifier>{D9D6E242-F8AF-46E4-B9FD-80ECBC20BA3E}</UniqueIdentifier>
      <Extensions>qrc;*</Extensions>
      <ParseFiles>false</ParseFiles>
    </Filter>
  </ItemGroup>
  <ItemGroup>
    <ClCompile Include="main.cpp" />
    <ClCompile Include="GeneratedFiles\Debug\moc_Window.cpp">
      <Filter>Generated Files\Debug</Filter>
    </ClCompile>
    <ClCompile Include="GeneratedFiles\Release\moc_Window.cpp">
      <Filter>Generated Files\Release</Filter>
    </ClCompile>
    <ClCompile Include="Window.cpp">
      <Filter>游戏窗口</Filter>
    </ClCompile>
    <ClCompile Include="GameScene.cpp">
      <Filter>场景\游戏主场景</Filter>
    </ClCompile>
    <ClCompile Include="GeneratedFiles\Debug\moc_GameScene.cpp">
      <Filter>Generated Files\Debug</Filter>
    </ClCompile>
    <ClCompile Include="GeneratedFiles\Release\moc_GameScene.cpp">
      <Filter>Generated Files\Release</Filter>
    </ClCompile>
    <ClCompile Include="Director.cpp">
      <Filter>导演</Filter>
    </ClCompile>
    <ClCompile Include="GeneratedFiles\Debug\moc_StartScene.cpp">
      <Filter>Generated Files\Debug</Filter>
    </ClCompile>
    <ClCompile Include="GeneratedFiles\Release\moc_StartScene.cpp">
      <Filter>Generated Files\Release</Filter>
    </ClCompile>
    <ClCompile Include="StartScene.cpp">
      <Filter>场景\开始场景</Filter>
    </ClCompile>
    <ClCompile Include="GeneratedFiles\Debug\moc_Scene.cpp">
      <Filter>Generated Files\Debug</Filter>
    </ClCompile>
    <ClCompile Include="GeneratedFiles\Release\moc_Scene.cpp">
      <Filter>Generated Files\Release</Filter>
    </ClCompile>
    <ClCompile Include="Scene.cpp">
      <Filter>场景</Filter>
    </ClCompile>
    <ClCompile Include="GeneratedFiles\Debug\moc_SettingScene.cpp">
      <Filter>Generated Files\Debug</Filter>
    </ClCompile>
    <ClCompile Include="GeneratedFiles\Release\moc_SettingScene.cpp">
      <Filter>Generated Files\Release</Filter>
    </ClCompile>
    <ClCompile Include="SettingScene.cpp">
      <Filter>场景\设置场景</Filter>
    </ClCompile>
    <ClCompile Include="GeneratedFiles\Debug\moc_ThemeChooseScene.cpp">
      <Filter>Generated Files\Debug</Filter>
    </ClCompile>
    <ClCompile Include="GeneratedFiles\Release\moc_ThemeChooseScene.cpp">
      <Filter>Generated Files\Release</Filter>
    </ClCompile>
    <ClCompile Include="ThemeChooseScene.cpp">
      <Filter>场景\主题选择场景</Filter>
    </ClCompile>
    <ClCompile Include="Config.cpp">
      <Filter>设置</Filter>
    </ClCompile>
    <ClCompile Include="GeneratedFiles\qrc_Gobang.cpp">
      <Filter>Generated Files</Filter>
    </ClCompile>
  </ItemGroup>
  <ItemGroup>
    <CustomBuild Include="Window.h">
      <Filter>游戏窗口</Filter>
    </CustomBuild>
    <CustomBuild Include="GameScene.h">
      <Filter>场景\游戏主场景</Filter>
    </CustomBuild>
    <CustomBuild Include="StartScene.h">
      <Filter>场景\开始场景</Filter>
    </CustomBuild>
    <CustomBuild Include="Scene.h">
      <Filter>场景</Filter>
    </CustomBuild>
    <CustomBuild Include="SettingScene.h">
      <Filter>场景\设置场景</Filter>
    </CustomBuild>
    <CustomBuild Include="ThemeChooseScene.h">
      <Filter>场景\主题选择场景</Filter>
    </CustomBuild>
    <CustomBuild Include="Gobang.qrc">
      <Filter>Resource Files</Filter>
    </CustomBuild>
  </ItemGroup>
  <ItemGroup>
    <ClInclude Include="Director.h">
      <Filter>导演</Filter>
    </ClInclude>
    <ClInclude Include="Config.h">
      <Filter>设置</Filter>
    </ClInclude>
  </ItemGroup>
</Project>